
Microsoft Visual Studio Solution File, Format Version 12.00
# Visual Studio Version 17
VisualStudioVersion = 17.0.32014.148
MinimumVisualStudioVersion = 10.0.40219.1
Project("{FAE04EC0-301F-11D3-BF4B-00C04F79EFBC}") = "ArraySorting", "ArraySorting\ArraySorting.csproj", "{1E4FB077-9653-4AD0-835D-3D4FF77FBB27}"
EndProject
Global
	GlobalSection(SolutionConfigurationPlatforms) = preSolution
		Debug|Any CPU = Debug|Any CPU
		Release|Any CPU = Release|Any CPU
	EndGlobalSection
	GlobalSection(ProjectConfigurationPlatforms) = postSolution
		{1E4FB077-9653-4AD0-835D-3D4FF77FBB27}.Debug|Any CPU.ActiveCfg = Debug|Any CPU
		{1E4FB077-9653-4AD0-835D-3D4FF77FBB27}.Debug|Any CPU.Build.0 = Debug|Any CPU
		{1E4FB077-9653-4AD0-835D-3D4FF77FBB27}.Release|Any CPU.ActiveCfg = Release|Any CPU
		{1E4FB077-9653-4AD0-835D-3D4FF77FBB27}.Release|Any CPU.Build.0 = Release|Any CPU
	EndGlobalSection
	GlobalSection(SolutionProperties) = preSolution
		HideSolutionNode = FALSE
	EndGlobalSection
	GlobalSection(ExtensibilityGlobals) = postSolution
		SolutionGuid = {BC3643A3-EAC1-4630-A713-11D5E3F7DC35}
	EndGlobalSection
EndGlobal
